
Microsoft Visual Studio Solution File, Format Version 12.00
# Visual Studio 14
VisualStudioVersion = 14.0.25420.1
MinimumVisualStudioVersion = 10.0.40219.1
Project("{FAE04EC0-301F-11D3-BF4B-00C04F79EFBC}") = "SprocMapperLibrary.Core", "SprocMapperLibrary.Core\SprocMapperLibrary.Core.csproj", "{CCAF87A0-A266-4BE7-BC3C-389F35914E8F}"
EndProject
Project("{FAE04EC0-301F-11D3-BF4B-00C04F79EFBC}") = "SprocMapperLibrary.UnitTest", "SprocMapperLibrary.UnitTest\SprocMapperLibrary.UnitTest.csproj", "{F18E9219-B104-4B23-A0CC-520653D40A43}"
EndProject
Project("{FAE04EC0-301F-11D3-BF4B-00C04F79EFBC}") = "SprocMapperLibrary.IntegrationTest", "SprocMapperLibrary.IntegrationTest\SprocMapperLibrary.IntegrationTest.csproj", "{ADB34AAB-E2A3-4B55-87E6-EE3481982758}"
EndProject
Project("{FAE04EC0-301F-11D3-BF4B-00C04F79EFBC}") = "SprocMapperLibrary.TestCommon", "SprocMapperLibrary.TestCommon\SprocMapperLibrary.TestCommon.csproj", "{77AD5839-9475-4D85-B432-13CAA263DB7C}"
EndProject
Project("{FAE04EC0-301F-11D3-BF4B-00C04F79EFBC}") = "FastMember_Net40", "fast-member\FastMember_Net40\FastMember_Net40.csproj", "{4C19BCAD-C12C-4574-BAC0-9DD5C6D12D0B}"
EndProject
Project("{FAE04EC0-301F-11D3-BF4B-00C04F79EFBC}") = "SprocMapperLibrary", "SprocMapperLibrary\SprocMapperLibrary.csproj", "{AC717BC4-C2F1-40BA-AFB2-0ADE649A33A5}"
EndProject
Global
	GlobalSection(SolutionConfigurationPlatforms) = preSolution
		Debug|Any CPU = Debug|Any CPU
		Release|Any CPU = Release|Any CPU
	EndGlobalSection
	GlobalSection(ProjectConfigurationPlatforms) = postSolution
		{CCAF87A0-A266-4BE7-BC3C-389F35914E8F}.Debug|Any CPU.ActiveCfg = Debug|Any CPU
		{CCAF87A0-A266-4BE7-BC3C-389F35914E8F}.Debug|Any CPU.Build.0 = Debug|Any CPU
		{CCAF87A0-A266-4BE7-BC3C-389F35914E8F}.Release|Any CPU.ActiveCfg = Release|Any CPU
		{CCAF87A0-A266-4BE7-BC3C-389F35914E8F}.Release|Any CPU.Build.0 = Release|Any CPU
		{F18E9219-B104-4B23-A0CC-520653D40A43}.Debug|Any CPU.ActiveCfg = Debug|Any CPU
		{F18E9219-B104-4B23-A0CC-520653D40A43}.Debug|Any CPU.Build.0 = Debug|Any CPU
		{F18E9219-B104-4B23-A0CC-520653D40A43}.Release|Any CPU.ActiveCfg = Release|Any CPU
		{F18E9219-B104-4B23-A0CC-520653D40A43}.Release|Any CPU.Build.0 = Release|Any CPU
		{ADB34AAB-E2A3-4B55-87E6-EE3481982758}.Debug|Any CPU.ActiveCfg = Debug|Any CPU
		{ADB34AAB-E2A3-4B55-87E6-EE3481982758}.Debug|Any CPU.Build.0 = Debug|Any CPU
		{ADB34AAB-E2A3-4B55-87E6-EE3481982758}.Release|Any CPU.ActiveCfg = Release|Any CPU
		{ADB34AAB-E2A3-4B55-87E6-EE3481982758}.Release|Any CPU.Build.0 = Release|Any CPU
		{77AD5839-9475-4D85-B432-13CAA263DB7C}.Debug|Any CPU.ActiveCfg = Debug|Any CPU
		{77AD5839-9475-4D85-B432-13CAA263DB7C}.Debug|Any CPU.Build.0 = Debug|Any CPU
		{77AD5839-9475-4D85-B432-13CAA263DB7C}.Release|Any CPU.ActiveCfg = Release|Any CPU
		{77AD5839-9475-4D85-B432-13CAA263DB7C}.Release|Any CPU.Build.0 = Release|Any CPU
		{4C19BCAD-C12C-4574-BAC0-9DD5C6D12D0B}.Debug|Any CPU.ActiveCfg = Debug|Any CPU
		{4C19BCAD-C12C-4574-BAC0-9DD5C6D12D0B}.Debug|Any CPU.Build.0 = Debug|Any CPU
		{4C19BCAD-C12C-4574-BAC0-9DD5C6D12D0B}.Release|Any CPU.ActiveCfg = Release|Any CPU
		{4C19BCAD-C12C-4574-BAC0-9DD5C6D12D0B}.Release|Any CPU.Build.0 = Release|Any CPU
		{AC717BC4-C2F1-40BA-AFB2-0ADE649A33A5}.Debug|Any CPU.ActiveCfg = Debug|Any CPU
		{AC717BC4-C2F1-40BA-AFB2-0ADE649A33A5}.Debug|Any CPU.Build.0 = Debug|Any CPU
		{AC717BC4-C2F1-40BA-AFB2-0ADE649A33A5}.Release|Any CPU.ActiveCfg = Release|Any CPU
		{AC717BC4-C2F1-40BA-AFB2-0ADE649A33A5}.Release|Any CPU.Build.0 = Release|Any CPU
	EndGlobalSection
	GlobalSection(SolutionProperties) = preSolution
		HideSolutionNode = FALSE
	EndGlobalSection
EndGlobal
