
Microsoft Visual Studio Solution File, Format Version 12.00
# Visual Studio 15
VisualStudioVersion = 15.0.26730.12
MinimumVisualStudioVersion = 10.0.40219.1
Project("{FAE04EC0-301F-11D3-BF4B-00C04F79EFBC}") = "SprocMapperLibrary.UnitTest", "SprocMapperLibrary.UnitTest\SprocMapperLibrary.UnitTest.csproj", "{F18E9219-B104-4B23-A0CC-520653D40A43}"
EndProject
Project("{FAE04EC0-301F-11D3-BF4B-00C04F79EFBC}") = "SprocMapperLibrary.IntegrationTest", "SprocMapperLibrary.IntegrationTest\SprocMapperLibrary.IntegrationTest.csproj", "{ADB34AAB-E2A3-4B55-87E6-EE3481982758}"
EndProject
Project("{FAE04EC0-301F-11D3-BF4B-00C04F79EFBC}") = "SprocMapperLibrary.TestCommon", "SprocMapperLibrary.TestCommon\SprocMapperLibrary.TestCommon.csproj", "{77AD5839-9475-4D85-B432-13CAA263DB7C}"
EndProject
Project("{FAE04EC0-301F-11D3-BF4B-00C04F79EFBC}") = "SprocMapperLibrary", "SprocMapperLibrary\SprocMapperLibrary.csproj", "{AC717BC4-C2F1-40BA-AFB2-0ADE649A33A5}"
EndProject
Project("{FAE04EC0-301F-11D3-BF4B-00C04F79EFBC}") = "SprocMapperLibrary.Core", "SprocMapperLibrary.Core\SprocMapperLibrary.Core.csproj", "{E22B1BF2-03AA-4576-85E4-7F1FCBE09F8F}"
EndProject
Project("{D954291E-2A0B-460D-934E-DC6B0785DB48}") = "SprocMapperLibrary.Shared", "SprocMapperLibrary.Shared\SprocMapperLibrary.Shared.shproj", "{B9BC7633-AB6D-4F64-A2A5-6B52C835DC5B}"
EndProject
Global
	GlobalSection(SharedMSBuildProjectFiles) = preSolution
		SprocMapperLibrary.Shared\SprocMapperLibrary.Shared.projitems*{b9bc7633-ab6d-4f64-a2a5-6b52c835dc5b}*SharedItemsImports = 13
	EndGlobalSection
	GlobalSection(SolutionConfigurationPlatforms) = preSolution
		Debug|Any CPU = Debug|Any CPU
		Release|Any CPU = Release|Any CPU
	EndGlobalSection
	GlobalSection(ProjectConfigurationPlatforms) = postSolution
		{F18E9219-B104-4B23-A0CC-520653D40A43}.Debug|Any CPU.ActiveCfg = Debug|Any CPU
		{F18E9219-B104-4B23-A0CC-520653D40A43}.Debug|Any CPU.Build.0 = Debug|Any CPU
		{F18E9219-B104-4B23-A0CC-520653D40A43}.Release|Any CPU.ActiveCfg = Release|Any CPU
		{F18E9219-B104-4B23-A0CC-520653D40A43}.Release|Any CPU.Build.0 = Release|Any CPU
		{ADB34AAB-E2A3-4B55-87E6-EE3481982758}.Debug|Any CPU.ActiveCfg = Debug|Any CPU
		{ADB34AAB-E2A3-4B55-87E6-EE3481982758}.Debug|Any CPU.Build.0 = Debug|Any CPU
		{ADB34AAB-E2A3-4B55-87E6-EE3481982758}.Release|Any CPU.ActiveCfg = Release|Any CPU
		{ADB34AAB-E2A3-4B55-87E6-EE3481982758}.Release|Any CPU.Build.0 = Release|Any CPU
		{77AD5839-9475-4D85-B432-13CAA263DB7C}.Debug|Any CPU.ActiveCfg = Debug|Any CPU
		{77AD5839-9475-4D85-B432-13CAA263DB7C}.Debug|Any CPU.Build.0 = Debug|Any CPU
		{77AD5839-9475-4D85-B432-13CAA263DB7C}.Release|Any CPU.ActiveCfg = Release|Any CPU
		{77AD5839-9475-4D85-B432-13CAA263DB7C}.Release|Any CPU.Build.0 = Release|Any CPU
		{AC717BC4-C2F1-40BA-AFB2-0ADE649A33A5}.Debug|Any CPU.ActiveCfg = Debug|Any CPU
		{AC717BC4-C2F1-40BA-AFB2-0ADE649A33A5}.Debug|Any CPU.Build.0 = Debug|Any CPU
		{AC717BC4-C2F1-40BA-AFB2-0ADE649A33A5}.Release|Any CPU.ActiveCfg = Release|Any CPU
		{AC717BC4-C2F1-40BA-AFB2-0ADE649A33A5}.Release|Any CPU.Build.0 = Release|Any CPU
		{E22B1BF2-03AA-4576-85E4-7F1FCBE09F8F}.Debug|Any CPU.ActiveCfg = Debug|Any CPU
		{E22B1BF2-03AA-4576-85E4-7F1FCBE09F8F}.Debug|Any CPU.Build.0 = Debug|Any CPU
		{E22B1BF2-03AA-4576-85E4-7F1FCBE09F8F}.Release|Any CPU.ActiveCfg = Release|Any CPU
		{E22B1BF2-03AA-4576-85E4-7F1FCBE09F8F}.Release|Any CPU.Build.0 = Release|Any CPU
	EndGlobalSection
	GlobalSection(SolutionProperties) = preSolution
		HideSolutionNode = FALSE
	EndGlobalSection
	GlobalSection(ExtensibilityGlobals) = postSolution
		SolutionGuid = {CA05D4D2-2122-49CB-8D87-893C5E24895C}
	EndGlobalSection
EndGlobal
